
Microsoft Visual Studio Solution File, Format Version 12.00
# Visual Studio Version 16
VisualStudioVersion = 16.0.29519.87
MinimumVisualStudioVersion = 10.0.40219.1
Project("{FAE04EC0-301F-11D3-BF4B-00C04F79EFBC}") = "BasicBankingSystem", "BasicBankingSystem\BasicBankingSystem.csproj", "{8F05A817-6E17-46DF-8CCF-B0EBA40C6831}"
EndProject
Global
	GlobalSection(SolutionConfigurationPlatforms) = preSolution
		Debug|Any CPU = Debug|Any CPU
		Release|Any CPU = Release|Any CPU
	EndGlobalSection
	GlobalSection(ProjectConfigurationPlatforms) = postSolution
		{8F05A817-6E17-46DF-8CCF-B0EBA40C6831}.Debug|Any CPU.ActiveCfg = Debug|Any CPU
		{8F05A817-6E17-46DF-8CCF-B0EBA40C6831}.Debug|Any CPU.Build.0 = Debug|Any CPU
		{8F05A817-6E17-46DF-8CCF-B0EBA40C6831}.Release|Any CPU.ActiveCfg = Release|Any CPU
		{8F05A817-6E17-46DF-8CCF-B0EBA40C6831}.Release|Any CPU.Build.0 = Release|Any CPU
	EndGlobalSection
	GlobalSection(SolutionProperties) = preSolution
		HideSolutionNode = FALSE
	EndGlobalSection
	GlobalSection(ExtensibilityGlobals) = postSolution
		SolutionGuid = {FB8EC2CE-D911-4F98-8B4B-54214956799E}
	EndGlobalSection
EndGlobal
